// !$*UTF8*$!
{
	archiveVersion = 1;
	classes = {
	};
	objectVersion = 56;
	objects = {

/* Begin PBXBuildFile section */
		6135ABAD2A6C1465008B8526 /* README.md in Resources */ = {isa = PBXBuildFile; fileRef = 6135ABAC2A6C1465008B8526 /* README.md */; };
		6135ABAF2A6C25B2008B8526 /* CODE_OF_CONDUCT.txt in Resources */ = {isa = PBXBuildFile; fileRef = 6135ABAE2A6C25B2008B8526 /* CODE_OF_CONDUCT.txt */; };
		6135ABB22A6C36B9008B8526 /* LICENSE in Resources */ = {isa = PBXBuildFile; fileRef = 6135ABB12A6C36B9008B8526 /* LICENSE */; };
		6143DE522A6AA8A60038DBCE /* Assets.xcassets in Resources */ = {isa = PBXBuildFile; fileRef = 6143DE512A6AA8A60038DBCE /* Assets.xcassets */; };
		6143DE572A6AA8A60038DBCE /* XeditApp.m in Sources */ = {isa = PBXBuildFile; fileRef = 6143DE562A6AA8A60038DBCE /* XeditApp.m */; };
		61831B5F2A6F963B008A2C2B /* XESplashScreen.m in Sources */ = {isa = PBXBuildFile; fileRef = 61831B5E2A6F963B008A2C2B /* XESplashScreen.m */; };
		61831B642A6FAB86008A2C2B /* XEWindowManager.m in Sources */ = {isa = PBXBuildFile; fileRef = 61831B632A6FAB86008A2C2B /* XEWindowManager.m */; };
		61831B692A700D89008A2C2B /* XEFontManager.m in Sources */ = {isa = PBXBuildFile; fileRef = 61831B682A700D89008A2C2B /* XEFontManager.m */; };
/* End PBXBuildFile section */

/* Begin PBXFileReference section */
		6135ABAC2A6C1465008B8526 /* README.md */ = {isa = PBXFileReference; lastKnownFileType = net.daringfireball.markdown; path = README.md; sourceTree = "<group>"; };
		6135ABAE2A6C25B2008B8526 /* CODE_OF_CONDUCT.txt */ = {isa = PBXFileReference; fileEncoding = 4; lastKnownFileType = text; path = CODE_OF_CONDUCT.txt; sourceTree = "<group>"; };
		6135ABB12A6C36B9008B8526 /* LICENSE */ = {isa = PBXFileReference; lastKnownFileType = text; path = LICENSE; sourceTree = "<group>"; };
		6143DE482A6AA8A50038DBCE /* Xedit.app */ = {isa = PBXFileReference; explicitFileType = wrapper.application; includeInIndex = 0; path = Xedit.app; sourceTree = BUILT_PRODUCTS_DIR; };
		6143DE512A6AA8A60038DBCE /* Assets.xcassets */ = {isa = PBXFileReference; lastKnownFileType = folder.assetcatalog; path = Assets.xcassets; sourceTree = "<group>"; };
		6143DE562A6AA8A60038DBCE /* XeditApp.m */ = {isa = PBXFileReference; lastKnownFileType = sourcecode.c.objc; path = XeditApp.m; sourceTree = "<group>"; };
		6143DE582A6AA8A60038DBCE /* Xedit.entitlements */ = {isa = PBXFileReference; lastKnownFileType = text.plist.entitlements; path = Xedit.entitlements; sourceTree = "<group>"; };
		61831B5E2A6F963B008A2C2B /* XESplashScreen.m */ = {isa = PBXFileReference; lastKnownFileType = sourcecode.c.objc; path = XESplashScreen.m; sourceTree = "<group>"; };
		61831B632A6FAB86008A2C2B /* XEWindowManager.m */ = {isa = PBXFileReference; lastKnownFileType = sourcecode.c.objc; path = XEWindowManager.m; sourceTree = "<group>"; };
		61831B662A7007B7008A2C2B /* XEFontManager.h */ = {isa = PBXFileReference; lastKnownFileType = sourcecode.c.h; path = XEFontManager.h; sourceTree = "<group>"; };
		61831B682A700D89008A2C2B /* XEFontManager.m */ = {isa = PBXFileReference; lastKnownFileType = sourcecode.c.objc; path = XEFontManager.m; sourceTree = "<group>"; };
		61A881E42A6D56ED00B801E3 /* XESplashScreen.h */ = {isa = PBXFileReference; lastKnownFileType = sourcecode.c.h; path = XESplashScreen.h; sourceTree = "<group>"; };
		61A881E72A6D727200B801E3 /* XEWindowManager.h */ = {isa = PBXFileReference; lastKnownFileType = sourcecode.c.h; path = XEWindowManager.h; sourceTree = "<group>"; };
		61A881E82A6D72BF00B801E3 /* XETools.h */ = {isa = PBXFileReference; lastKnownFileType = sourcecode.c.h; path = XETools.h; sourceTree = "<group>"; };
		61DD812D2A717FFA00D721C1 /* XEConstraintManager.h */ = {isa = PBXFileReference; lastKnownFileType = sourcecode.c.h; path = XEConstraintManager.h; sourceTree = "<group>"; };
/* End PBXFileReference section */

/* Begin PBXFrameworksBuildPhase section */
		6143DE452A6AA8A50038DBCE /* Frameworks */ = {
			isa = PBXFrameworksBuildPhase;
			buildActionMask = 2147483647;
			files = (
			);
			runOnlyForDeploymentPostprocessing = 0;
		};
/* End PBXFrameworksBuildPhase section */

/* Begin PBXGroup section */
		6135ABB32A6C71CB008B8526 /* UI */ = {
			isa = PBXGroup;
			children = (
				61A881E42A6D56ED00B801E3 /* XESplashScreen.h */,
			);
			path = UI;
			sourceTree = "<group>";
		};
		6135ABB42A6C71D2008B8526 /* Controller */ = {
			isa = PBXGroup;
			children = (
			);
			path = Controller;
			sourceTree = "<group>";
		};
		6135ABB52A6C71DE008B8526 /* Manager */ = {
			isa = PBXGroup;
			children = (
				61831B652A7007A3008A2C2B /* Text */,
				61A881EB2A6D8B6800B801E3 /* Templates */,
				61A881E62A6D725D00B801E3 /* Layout */,
				61A881E52A6D725400B801E3 /* Window */,
			);
			path = Manager;
			sourceTree = "<group>";
		};
		6135ABB62A6C71E5008B8526 /* Engine */ = {
			isa = PBXGroup;
			children = (
			);
			path = Engine;
			sourceTree = "<group>";
		};
		6135ABB72A6C71F3008B8526 /* Parser */ = {
			isa = PBXGroup;
			children = (
			);
			path = Parser;
			sourceTree = "<group>";
		};
		6143DE3F2A6AA8A50038DBCE = {
			isa = PBXGroup;
			children = (
				6135ABB12A6C36B9008B8526 /* LICENSE */,
				6135ABAE2A6C25B2008B8526 /* CODE_OF_CONDUCT.txt */,
				6135ABAC2A6C1465008B8526 /* README.md */,
				6143DE4A2A6AA8A50038DBCE /* Xedit */,
				6143DE492A6AA8A50038DBCE /* Products */,
			);
			sourceTree = "<group>";
		};
		6143DE492A6AA8A50038DBCE /* Products */ = {
			isa = PBXGroup;
			children = (
				6143DE482A6AA8A50038DBCE /* Xedit.app */,
			);
			name = Products;
			sourceTree = "<group>";
		};
		6143DE4A2A6AA8A50038DBCE /* Xedit */ = {
			isa = PBXGroup;
			children = (
				61A881EA2A6D81E800B801E3 /* Source */,
				61A881E92A6D81D800B801E3 /* Extensions */,
				6135ABB72A6C71F3008B8526 /* Parser */,
				6135ABB62A6C71E5008B8526 /* Engine */,
				6135ABB52A6C71DE008B8526 /* Manager */,
				6135ABB42A6C71D2008B8526 /* Controller */,
				6135ABB32A6C71CB008B8526 /* UI */,
				6143DE512A6AA8A60038DBCE /* Assets.xcassets */,
				6143DE562A6AA8A60038DBCE /* XeditApp.m */,
				6143DE582A6AA8A60038DBCE /* Xedit.entitlements */,
				61A881E82A6D72BF00B801E3 /* XETools.h */,
			);
			path = Xedit;
			sourceTree = "<group>";
		};
		61831B602A6FAB5C008A2C2B /* UI */ = {
			isa = PBXGroup;
			children = (
				61831B5E2A6F963B008A2C2B /* XESplashScreen.m */,
			);
			path = UI;
			sourceTree = "<group>";
		};
		61831B612A6FAB6B008A2C2B /* Manager */ = {
			isa = PBXGroup;
			children = (
				61DD812E2A71988B00D721C1 /* Layout */,
				61831B672A700D7C008A2C2B /* Text */,
				61831B622A6FAB78008A2C2B /* Window */,
			);
			path = Manager;
			sourceTree = "<group>";
		};
		61831B622A6FAB78008A2C2B /* Window */ = {
			isa = PBXGroup;
			children = (
				61831B632A6FAB86008A2C2B /* XEWindowManager.m */,
			);
			path = Window;
			sourceTree = "<group>";
		};
		61831B652A7007A3008A2C2B /* Text */ = {
			isa = PBXGroup;
			children = (
				61831B662A7007B7008A2C2B /* XEFontManager.h */,
			);
			path = Text;
			sourceTree = "<group>";
		};
		61831B672A700D7C008A2C2B /* Text */ = {
			isa = PBXGroup;
			children = (
				61831B682A700D89008A2C2B /* XEFontManager.m */,
			);
			path = Text;
			sourceTree = "<group>";
		};
		61A881E52A6D725400B801E3 /* Window */ = {
			isa = PBXGroup;
			children = (
				61A881E72A6D727200B801E3 /* XEWindowManager.h */,
			);
			path = Window;
			sourceTree = "<group>";
		};
		61A881E62A6D725D00B801E3 /* Layout */ = {
			isa = PBXGroup;
			children = (
				61DD812D2A717FFA00D721C1 /* XEConstraintManager.h */,
			);
			path = Layout;
			sourceTree = "<group>";
		};
		61A881E92A6D81D800B801E3 /* Extensions */ = {
			isa = PBXGroup;
			children = (
			);
			path = Extensions;
			sourceTree = "<group>";
		};
		61A881EA2A6D81E800B801E3 /* Source */ = {
			isa = PBXGroup;
			children = (
				61831B612A6FAB6B008A2C2B /* Manager */,
				61831B602A6FAB5C008A2C2B /* UI */,
			);
			path = Source;
			sourceTree = "<group>";
		};
		61A881EB2A6D8B6800B801E3 /* Templates */ = {
			isa = PBXGroup;
			children = (
			);
			path = Templates;
			sourceTree = "<group>";
		};
		61DD812E2A71988B00D721C1 /* Layout */ = {
			isa = PBXGroup;
			children = (
			);
			path = Layout;
			sourceTree = "<group>";
		};
/* End PBXGroup section */

/* Begin PBXNativeTarget section */
		6143DE472A6AA8A50038DBCE /* Xedit */ = {
			isa = PBXNativeTarget;
			buildConfigurationList = 6143DE5B2A6AA8A60038DBCE /* Build configuration list for PBXNativeTarget "Xedit" */;
			buildPhases = (
				6143DE442A6AA8A50038DBCE /* Sources */,
				6143DE452A6AA8A50038DBCE /* Frameworks */,
				6143DE462A6AA8A50038DBCE /* Resources */,
			);
			buildRules = (
			);
			dependencies = (
			);
			name = Xedit;
			productName = Xedit;
			productReference = 6143DE482A6AA8A50038DBCE /* Xedit.app */;
			productType = "com.apple.product-type.application";
		};
/* End PBXNativeTarget section */

/* Begin PBXProject section */
		6143DE402A6AA8A50038DBCE /* Project object */ = {
			isa = PBXProject;
			attributes = {
				BuildIndependentTargetsInParallel = 1;
				LastUpgradeCheck = 1430;
				TargetAttributes = {
					6143DE472A6AA8A50038DBCE = {
						CreatedOnToolsVersion = 14.3.1;
					};
				};
			};
			buildConfigurationList = 6143DE432A6AA8A50038DBCE /* Build configuration list for PBXProject "Xedit" */;
			compatibilityVersion = "Xcode 14.0";
			developmentRegion = en;
			hasScannedForEncodings = 0;
			knownRegions = (
				en,
				Base,
			);
			mainGroup = 6143DE3F2A6AA8A50038DBCE;
			productRefGroup = 6143DE492A6AA8A50038DBCE /* Products */;
			projectDirPath = "";
			projectRoot = "";
			targets = (
				6143DE472A6AA8A50038DBCE /* Xedit */,
			);
		};
/* End PBXProject section */

/* Begin PBXResourcesBuildPhase section */
		6143DE462A6AA8A50038DBCE /* Resources */ = {
			isa = PBXResourcesBuildPhase;
			buildActionMask = 2147483647;
			files = (
				6135ABAD2A6C1465008B8526 /* README.md in Resources */,
				6143DE522A6AA8A60038DBCE /* Assets.xcassets in Resources */,
				6135ABB22A6C36B9008B8526 /* LICENSE in Resources */,
				6135ABAF2A6C25B2008B8526 /* CODE_OF_CONDUCT.txt in Resources */,
			);
			runOnlyForDeploymentPostprocessing = 0;
		};
/* End PBXResourcesBuildPhase section */

/* Begin PBXSourcesBuildPhase section */
		6143DE442A6AA8A50038DBCE /* Sources */ = {
			isa = PBXSourcesBuildPhase;
			buildActionMask = 2147483647;
			files = (
				61831B642A6FAB86008A2C2B /* XEWindowManager.m in Sources */,
				61831B692A700D89008A2C2B /* XEFontManager.m in Sources */,
				6143DE572A6AA8A60038DBCE /* XeditApp.m in Sources */,
				61831B5F2A6F963B008A2C2B /* XESplashScreen.m in Sources */,
			);
			runOnlyForDeploymentPostprocessing = 0;
		};
/* End PBXSourcesBuildPhase section */

/* Begin XCBuildConfiguration section */
		6143DE592A6AA8A60038DBCE /* Debug */ = {
			isa = XCBuildConfiguration;
			buildSettings = {
				ALWAYS_SEARCH_USER_PATHS = NO;
				CLANG_ANALYZER_NONNULL = YES;
				CLANG_ANALYZER_NUMBER_OBJECT_CONVERSION = YES_AGGRESSIVE;
				CLANG_CXX_LANGUAGE_STANDARD = "gnu++20";
				CLANG_ENABLE_MODULES = YES;
				CLANG_ENABLE_OBJC_ARC = YES;
				CLANG_ENABLE_OBJC_WEAK = YES;
				CLANG_WARN_BLOCK_CAPTURE_AUTORELEASING = YES;
				CLANG_WARN_BOOL_CONVERSION = YES;
				CLANG_WARN_COMMA = YES;
				CLANG_WARN_CONSTANT_CONVERSION = YES;
				CLANG_WARN_DEPRECATED_OBJC_IMPLEMENTATIONS = YES;
				CLANG_WARN_DIRECT_OBJC_ISA_USAGE = YES_ERROR;
				CLANG_WARN_DOCUMENTATION_COMMENTS = YES;
				CLANG_WARN_EMPTY_BODY = YES;
				CLANG_WARN_ENUM_CONVERSION = YES;
				CLANG_WARN_INFINITE_RECURSION = YES;
				CLANG_WARN_INT_CONVERSION = YES;
				CLANG_WARN_NON_LITERAL_NULL_CONVERSION = YES;
				CLANG_WARN_OBJC_IMPLICIT_RETAIN_SELF = YES;
				CLANG_WARN_OBJC_LITERAL_CONVERSION = YES;
				CLANG_WARN_OBJC_ROOT_CLASS = YES_ERROR;
				CLANG_WARN_QUOTED_INCLUDE_IN_FRAMEWORK_HEADER = YES;
				CLANG_WARN_RANGE_LOOP_ANALYSIS = YES;
				CLANG_WARN_STRICT_PROTOTYPES = YES;
				CLANG_WARN_SUSPICIOUS_MOVE = YES;
				CLANG_WARN_UNGUARDED_AVAILABILITY = YES_AGGRESSIVE;
				CLANG_WARN_UNREACHABLE_CODE = YES;
				CLANG_WARN__DUPLICATE_METHOD_MATCH = YES;
				COPY_PHASE_STRIP = NO;
				DEBUG_INFORMATION_FORMAT = dwarf;
				ENABLE_STRICT_OBJC_MSGSEND = YES;
				ENABLE_TESTABILITY = YES;
				GCC_C_LANGUAGE_STANDARD = gnu11;
				GCC_DYNAMIC_NO_PIC = NO;
				GCC_NO_COMMON_BLOCKS = YES;
				GCC_OPTIMIZATION_LEVEL = 0;
				GCC_PREPROCESSOR_DEFINITIONS = (
					"DEBUG=1",
					"$(inherited)",
				);
				GCC_WARN_64_TO_32_BIT_CONVERSION = YES;
				GCC_WARN_ABOUT_RETURN_TYPE = YES_ERROR;
				GCC_WARN_UNDECLARED_SELECTOR = YES;
				GCC_WARN_UNINITIALIZED_AUTOS = YES_AGGRESSIVE;
				GCC_WARN_UNUSED_FUNCTION = YES;
				GCC_WARN_UNUSED_VARIABLE = YES;
				MACOSX_DEPLOYMENT_TARGET = 13.3;
				MTL_ENABLE_DEBUG_INFO = INCLUDE_SOURCE;
				MTL_FAST_MATH = YES;
				ONLY_ACTIVE_ARCH = YES;
				SDKROOT = macosx;
			};
			name = Debug;
		};
		6143DE5A2A6AA8A60038DBCE /* Release */ = {
			isa = XCBuildConfiguration;
			buildSettings = {
				ALWAYS_SEARCH_USER_PATHS = NO;
				CLANG_ANALYZER_NONNULL = YES;
				CLANG_ANALYZER_NUMBER_OBJECT_CONVERSION = YES_AGGRESSIVE;
				CLANG_CXX_LANGUAGE_STANDARD = "gnu++20";
				CLANG_ENABLE_MODULES = YES;
				CLANG_ENABLE_OBJC_ARC = YES;
				CLANG_ENABLE_OBJC_WEAK = YES;
				CLANG_WARN_BLOCK_CAPTURE_AUTORELEASING = YES;
				CLANG_WARN_BOOL_CONVERSION = YES;
				CLANG_WARN_COMMA = YES;
				CLANG_WARN_CONSTANT_CONVERSION = YES;
				CLANG_WARN_DEPRECATED_OBJC_IMPLEMENTATIONS = YES;
				CLANG_WARN_DIRECT_OBJC_ISA_USAGE = YES_ERROR;
				CLANG_WARN_DOCUMENTATION_COMMENTS = YES;
				CLANG_WARN_EMPTY_BODY = YES;
				CLANG_WARN_ENUM_CONVERSION = YES;
				CLANG_WARN_INFINITE_RECURSION = YES;
				CLANG_WARN_INT_CONVERSION = YES;
				CLANG_WARN_NON_LITERAL_NULL_CONVERSION = YES;
				CLANG_WARN_OBJC_IMPLICIT_RETAIN_SELF = YES;
				CLANG_WARN_OBJC_LITERAL_CONVERSION = YES;
				CLANG_WARN_OBJC_ROOT_CLASS = YES_ERROR;
				CLANG_WARN_QUOTED_INCLUDE_IN_FRAMEWORK_HEADER = YES;
				CLANG_WARN_RANGE_LOOP_ANALYSIS = YES;
				CLANG_WARN_STRICT_PROTOTYPES = YES;
				CLANG_WARN_SUSPICIOUS_MOVE = YES;
				CLANG_WARN_UNGUARDED_AVAILABILITY = YES_AGGRESSIVE;
				CLANG_WARN_UNREACHABLE_CODE = YES;
				CLANG_WARN__DUPLICATE_METHOD_MATCH = YES;
				COPY_PHASE_STRIP = NO;
				DEBUG_INFORMATION_FORMAT = "dwarf-with-dsym";
				ENABLE_NS_ASSERTIONS = NO;
				ENABLE_STRICT_OBJC_MSGSEND = YES;
				GCC_C_LANGUAGE_STANDARD = gnu11;
				GCC_NO_COMMON_BLOCKS = YES;
				GCC_WARN_64_TO_32_BIT_CONVERSION = YES;
				GCC_WARN_ABOUT_RETURN_TYPE = YES_ERROR;
				GCC_WARN_UNDECLARED_SELECTOR = YES;
				GCC_WARN_UNINITIALIZED_AUTOS = YES_AGGRESSIVE;
				GCC_WARN_UNUSED_FUNCTION = YES;
				GCC_WARN_UNUSED_VARIABLE = YES;
				MACOSX_DEPLOYMENT_TARGET = 13.3;
				MTL_ENABLE_DEBUG_INFO = NO;
				MTL_FAST_MATH = YES;
				SDKROOT = macosx;
			};
			name = Release;
		};
		6143DE5C2A6AA8A60038DBCE /* Debug */ = {
			isa = XCBuildConfiguration;
			buildSettings = {
				ASSETCATALOG_COMPILER_APPICON_NAME = AppIcon;
				ASSETCATALOG_COMPILER_GLOBAL_ACCENT_COLOR_NAME = AccentColor;
				CODE_SIGN_ENTITLEMENTS = Xedit/Xedit.entitlements;
				CODE_SIGN_STYLE = Automatic;
				COMBINE_HIDPI_IMAGES = YES;
				CURRENT_PROJECT_VERSION = 1;
				GENERATE_INFOPLIST_FILE = YES;
				HEADER_SEARCH_PATHS = /Users/mustafamalik/Documents/Xedit/Xedit;
				INFOPLIST_KEY_NSHumanReadableCopyright = "";
				INFOPLIST_KEY_NSPrincipalClass = NSApplication;
				LD_RUNPATH_SEARCH_PATHS = (
					"$(inherited)",
					"@executable_path/../Frameworks",
				);
				MARKETING_VERSION = 1.0;
				PRODUCT_BUNDLE_IDENTIFIER = me.malik.Xedit;
				PRODUCT_NAME = "$(TARGET_NAME)";
				SWIFT_EMIT_LOC_STRINGS = YES;
			};
			name = Debug;
		};
		6143DE5D2A6AA8A60038DBCE /* Release */ = {
			isa = XCBuildConfiguration;
			buildSettings = {
				ASSETCATALOG_COMPILER_APPICON_NAME = AppIcon;
				ASSETCATALOG_COMPILER_GLOBAL_ACCENT_COLOR_NAME = AccentColor;
				CODE_SIGN_ENTITLEMENTS = Xedit/Xedit.entitlements;
				CODE_SIGN_STYLE = Automatic;
				COMBINE_HIDPI_IMAGES = YES;
				CURRENT_PROJECT_VERSION = 1;
				GENERATE_INFOPLIST_FILE = YES;
				HEADER_SEARCH_PATHS = /Users/mustafamalik/Documents/Xedit/Xedit;
				INFOPLIST_KEY_NSHumanReadableCopyright = "";
				INFOPLIST_KEY_NSPrincipalClass = NSApplication;
				LD_RUNPATH_SEARCH_PATHS = (
					"$(inherited)",
					"@executable_path/../Frameworks",
				);
				MARKETING_VERSION = 1.0;
				PRODUCT_BUNDLE_IDENTIFIER = me.malik.Xedit;
				PRODUCT_NAME = "$(TARGET_NAME)";
				SWIFT_EMIT_LOC_STRINGS = YES;
			};
			name = Release;
		};
/* End XCBuildConfiguration section */

/* Begin XCConfigurationList section */
		6143DE432A6AA8A50038DBCE /* Build configuration list for PBXProject "Xedit" */ = {
			isa = XCConfigurationList;
			buildConfigurations = (
				6143DE592A6AA8A60038DBCE /* Debug */,
				6143DE5A2A6AA8A60038DBCE /* Release */,
			);
			defaultConfigurationIsVisible = 0;
			defaultConfigurationName = Release;
		};
		6143DE5B2A6AA8A60038DBCE /* Build configuration list for PBXNativeTarget "Xedit" */ = {
			isa = XCConfigurationList;
			buildConfigurations = (
				6143DE5C2A6AA8A60038DBCE /* Debug */,
				6143DE5D2A6AA8A60038DBCE /* Release */,
			);
			defaultConfigurationIsVisible = 0;
			defaultConfigurationName = Release;
		};
/* End XCConfigurationList section */
	};
	rootObject = 6143DE402A6AA8A50038DBCE /* Project object */;
}
